// !$*UTF8*$!
{
	archiveVersion = 1;
	classes = {
	};
	objectVersion = 56;
	objects = {

/* Begin PBXBuildFile section */
		040162212A1C4B6100AB9F53 /* PomodoroApp.swift in Sources */ = {isa = PBXBuildFile; fileRef = 040162202A1C4B6100AB9F53 /* PomodoroApp.swift */; };
		040162232A1C4B6100AB9F53 /* ContentView.swift in Sources */ = {isa = PBXBuildFile; fileRef = 040162222A1C4B6100AB9F53 /* ContentView.swift */; };
		040162252A1C4B6300AB9F53 /* Assets.xcassets in Resources */ = {isa = PBXBuildFile; fileRef = 040162242A1C4B6300AB9F53 /* Assets.xcassets */; };
		040162282A1C4B6300AB9F53 /* Preview Assets.xcassets in Resources */ = {isa = PBXBuildFile; fileRef = 040162272A1C4B6300AB9F53 /* Preview Assets.xcassets */; };
		040162322A1C4B6300AB9F53 /* PomodoroTests.swift in Sources */ = {isa = PBXBuildFile; fileRef = 040162312A1C4B6300AB9F53 /* PomodoroTests.swift */; };
		0401623C2A1C4B6300AB9F53 /* PomodoroUITests.swift in Sources */ = {isa = PBXBuildFile; fileRef = 0401623B2A1C4B6300AB9F53 /* PomodoroUITests.swift */; };
		0401623E2A1C4B6300AB9F53 /* PomodoroUITestsLaunchTests.swift in Sources */ = {isa = PBXBuildFile; fileRef = 0401623D2A1C4B6300AB9F53 /* PomodoroUITestsLaunchTests.swift */; };
		040259B82A28BECD0050F1B4 /* ProfileCardView.swift in Sources */ = {isa = PBXBuildFile; fileRef = 040259B72A28BECD0050F1B4 /* ProfileCardView.swift */; };
		040259BA2A28C2220050F1B4 /* OnboardingPagesView.swift in Sources */ = {isa = PBXBuildFile; fileRef = 040259B92A28C2220050F1B4 /* OnboardingPagesView.swift */; };
		040259BC2A28D1C80050F1B4 /* OnboardingView.swift in Sources */ = {isa = PBXBuildFile; fileRef = 040259BB2A28D1C80050F1B4 /* OnboardingView.swift */; };
		040313932A25954700A30A12 /* MultipickerView.swift in Sources */ = {isa = PBXBuildFile; fileRef = 040313922A25954700A30A12 /* MultipickerView.swift */; };
		041095862A239F6300095BC8 /* ExperimentalTimerView.swift in Sources */ = {isa = PBXBuildFile; fileRef = 041095852A239F6300095BC8 /* ExperimentalTimerView.swift */; };
		041095882A23B1EB00095BC8 /* TimerViewModel.swift in Sources */ = {isa = PBXBuildFile; fileRef = 041095872A23B1EB00095BC8 /* TimerViewModel.swift */; };
		041531A22A1C5C29000218C4 /* SymbolHelper.swift in Sources */ = {isa = PBXBuildFile; fileRef = 041531A12A1C5C29000218C4 /* SymbolHelper.swift */; };
		041531A42A1C5CAD000218C4 /* MainView.swift in Sources */ = {isa = PBXBuildFile; fileRef = 041531A32A1C5CAD000218C4 /* MainView.swift */; };
		041531A82A1C5D22000218C4 /* User.swift in Sources */ = {isa = PBXBuildFile; fileRef = 041531A72A1C5D22000218C4 /* User.swift */; };
		041531AA2A1C5D2B000218C4 /* TimerTasks.swift in Sources */ = {isa = PBXBuildFile; fileRef = 041531A92A1C5D2B000218C4 /* TimerTasks.swift */; };
		041531AE2A1C67E5000218C4 /* ProfileView.swift in Sources */ = {isa = PBXBuildFile; fileRef = 041531AD2A1C67E5000218C4 /* ProfileView.swift */; };
		04ACE3BC2A233F3100230D3B /* TasksView.swift in Sources */ = {isa = PBXBuildFile; fileRef = 04ACE3BB2A233F3100230D3B /* TasksView.swift */; };
		04ACE3BE2A23879800230D3B /* GradientHelper.swift in Sources */ = {isa = PBXBuildFile; fileRef = 04ACE3BD2A23879800230D3B /* GradientHelper.swift */; };
		04ACE3C02A2388F800230D3B /* ModelData.swift in Sources */ = {isa = PBXBuildFile; fileRef = 04ACE3BF2A2388F800230D3B /* ModelData.swift */; };
		04ACE3C22A238C0E00230D3B /* ButtonStyleHelper.swift in Sources */ = {isa = PBXBuildFile; fileRef = 04ACE3C12A238C0E00230D3B /* ButtonStyleHelper.swift */; };
		04B5B0482A2054E800905FA2 /* TimerView.swift in Sources */ = {isa = PBXBuildFile; fileRef = 04B5B0472A2054E800905FA2 /* TimerView.swift */; };
/* End PBXBuildFile section */

/* Begin PBXContainerItemProxy section */
		0401622E2A1C4B6300AB9F53 /* PBXContainerItemProxy */ = {
			isa = PBXContainerItemProxy;
			containerPortal = 040162152A1C4B6100AB9F53 /* Project object */;
			proxyType = 1;
			remoteGlobalIDString = 0401621C2A1C4B6100AB9F53;
			remoteInfo = Pomodoro;
		};
		040162382A1C4B6300AB9F53 /* PBXContainerItemProxy */ = {
			isa = PBXContainerItemProxy;
			containerPortal = 040162152A1C4B6100AB9F53 /* Project object */;
			proxyType = 1;
			remoteGlobalIDString = 0401621C2A1C4B6100AB9F53;
			remoteInfo = Pomodoro;
		};
/* End PBXContainerItemProxy section */

/* Begin PBXFileReference section */
		0401621D2A1C4B6100AB9F53 /* Pomodoro.app */ = {isa = PBXFileReference; explicitFileType = wrapper.application; includeInIndex = 0; path = Pomodoro.app; sourceTree = BUILT_PRODUCTS_DIR; };
		040162202A1C4B6100AB9F53 /* PomodoroApp.swift */ = {isa = PBXFileReference; lastKnownFileType = sourcecode.swift; path = PomodoroApp.swift; sourceTree = "<group>"; };
		040162222A1C4B6100AB9F53 /* ContentView.swift */ = {isa = PBXFileReference; lastKnownFileType = sourcecode.swift; path = ContentView.swift; sourceTree = "<group>"; };
		040162242A1C4B6300AB9F53 /* Assets.xcassets */ = {isa = PBXFileReference; lastKnownFileType = folder.assetcatalog; path = Assets.xcassets; sourceTree = "<group>"; };
		040162272A1C4B6300AB9F53 /* Preview Assets.xcassets */ = {isa = PBXFileReference; lastKnownFileType = folder.assetcatalog; path = "Preview Assets.xcassets"; sourceTree = "<group>"; };
		0401622D2A1C4B6300AB9F53 /* PomodoroTests.xctest */ = {isa = PBXFileReference; explicitFileType = wrapper.cfbundle; includeInIndex = 0; path = PomodoroTests.xctest; sourceTree = BUILT_PRODUCTS_DIR; };
		040162312A1C4B6300AB9F53 /* PomodoroTests.swift */ = {isa = PBXFileReference; lastKnownFileType = sourcecode.swift; path = PomodoroTests.swift; sourceTree = "<group>"; };
		040162372A1C4B6300AB9F53 /* PomodoroUITests.xctest */ = {isa = PBXFileReference; explicitFileType = wrapper.cfbundle; includeInIndex = 0; path = PomodoroUITests.xctest; sourceTree = BUILT_PRODUCTS_DIR; };
		0401623B2A1C4B6300AB9F53 /* PomodoroUITests.swift */ = {isa = PBXFileReference; lastKnownFileType = sourcecode.swift; path = PomodoroUITests.swift; sourceTree = "<group>"; };
		0401623D2A1C4B6300AB9F53 /* PomodoroUITestsLaunchTests.swift */ = {isa = PBXFileReference; lastKnownFileType = sourcecode.swift; path = PomodoroUITestsLaunchTests.swift; sourceTree = "<group>"; };
		040259B72A28BECD0050F1B4 /* ProfileCardView.swift */ = {isa = PBXFileReference; lastKnownFileType = sourcecode.swift; path = ProfileCardView.swift; sourceTree = "<group>"; };
		040259B92A28C2220050F1B4 /* OnboardingPagesView.swift */ = {isa = PBXFileReference; lastKnownFileType = sourcecode.swift; path = OnboardingPagesView.swift; sourceTree = "<group>"; };
		040259BB2A28D1C80050F1B4 /* OnboardingView.swift */ = {isa = PBXFileReference; lastKnownFileType = sourcecode.swift; path = OnboardingView.swift; sourceTree = "<group>"; };
		040313922A25954700A30A12 /* MultipickerView.swift */ = {isa = PBXFileReference; lastKnownFileType = sourcecode.swift; path = MultipickerView.swift; sourceTree = "<group>"; };
		041095852A239F6300095BC8 /* ExperimentalTimerView.swift */ = {isa = PBXFileReference; lastKnownFileType = sourcecode.swift; path = ExperimentalTimerView.swift; sourceTree = "<group>"; };
		041095872A23B1EB00095BC8 /* TimerViewModel.swift */ = {isa = PBXFileReference; lastKnownFileType = sourcecode.swift; path = TimerViewModel.swift; sourceTree = "<group>"; };
		041531A12A1C5C29000218C4 /* SymbolHelper.swift */ = {isa = PBXFileReference; lastKnownFileType = sourcecode.swift; path = SymbolHelper.swift; sourceTree = "<group>"; };
		041531A32A1C5CAD000218C4 /* MainView.swift */ = {isa = PBXFileReference; lastKnownFileType = sourcecode.swift; path = MainView.swift; sourceTree = "<group>"; };
		041531A72A1C5D22000218C4 /* User.swift */ = {isa = PBXFileReference; lastKnownFileType = sourcecode.swift; path = User.swift; sourceTree = "<group>"; };
		041531A92A1C5D2B000218C4 /* TimerTasks.swift */ = {isa = PBXFileReference; lastKnownFileType = sourcecode.swift; path = TimerTasks.swift; sourceTree = "<group>"; };
		041531AD2A1C67E5000218C4 /* ProfileView.swift */ = {isa = PBXFileReference; lastKnownFileType = sourcecode.swift; path = ProfileView.swift; sourceTree = "<group>"; };
		04ACE3BB2A233F3100230D3B /* TasksView.swift */ = {isa = PBXFileReference; lastKnownFileType = sourcecode.swift; path = TasksView.swift; sourceTree = "<group>"; };
		04ACE3BD2A23879800230D3B /* GradientHelper.swift */ = {isa = PBXFileReference; lastKnownFileType = sourcecode.swift; path = GradientHelper.swift; sourceTree = "<group>"; };
		04ACE3BF2A2388F800230D3B /* ModelData.swift */ = {isa = PBXFileReference; lastKnownFileType = sourcecode.swift; path = ModelData.swift; sourceTree = "<group>"; };
		04ACE3C12A238C0E00230D3B /* ButtonStyleHelper.swift */ = {isa = PBXFileReference; lastKnownFileType = sourcecode.swift; path = ButtonStyleHelper.swift; sourceTree = "<group>"; };
		04B5B0472A2054E800905FA2 /* TimerView.swift */ = {isa = PBXFileReference; lastKnownFileType = sourcecode.swift; path = TimerView.swift; sourceTree = "<group>"; };
/* End PBXFileReference section */

/* Begin PBXFrameworksBuildPhase section */
		0401621A2A1C4B6100AB9F53 /* Frameworks */ = {
			isa = PBXFrameworksBuildPhase;
			buildActionMask = 2147483647;
			files = (
			);
			runOnlyForDeploymentPostprocessing = 0;
		};
		0401622A2A1C4B6300AB9F53 /* Frameworks */ = {
			isa = PBXFrameworksBuildPhase;
			buildActionMask = 2147483647;
			files = (
			);
			runOnlyForDeploymentPostprocessing = 0;
		};
		040162342A1C4B6300AB9F53 /* Frameworks */ = {
			isa = PBXFrameworksBuildPhase;
			buildActionMask = 2147483647;
			files = (
			);
			runOnlyForDeploymentPostprocessing = 0;
		};
/* End PBXFrameworksBuildPhase section */

/* Begin PBXGroup section */
		040162142A1C4B6100AB9F53 = {
			isa = PBXGroup;
			children = (
				0401621F2A1C4B6100AB9F53 /* Pomodoro */,
				040162302A1C4B6300AB9F53 /* PomodoroTests */,
				0401623A2A1C4B6300AB9F53 /* PomodoroUITests */,
				0401621E2A1C4B6100AB9F53 /* Products */,
			);
			sourceTree = "<group>";
		};
		0401621E2A1C4B6100AB9F53 /* Products */ = {
			isa = PBXGroup;
			children = (
				0401621D2A1C4B6100AB9F53 /* Pomodoro.app */,
				0401622D2A1C4B6300AB9F53 /* PomodoroTests.xctest */,
				040162372A1C4B6300AB9F53 /* PomodoroUITests.xctest */,
			);
			name = Products;
			sourceTree = "<group>";
		};
		0401621F2A1C4B6100AB9F53 /* Pomodoro */ = {
			isa = PBXGroup;
			children = (
				041095892A23B1F200095BC8 /* ViewModel */,
				0415319E2A1C5BC5000218C4 /* Models */,
				041531A02A1C5C07000218C4 /* Helpers */,
				0415319F2A1C5BE3000218C4 /* Views */,
				040162202A1C4B6100AB9F53 /* PomodoroApp.swift */,
				040162222A1C4B6100AB9F53 /* ContentView.swift */,
				040162242A1C4B6300AB9F53 /* Assets.xcassets */,
				040162262A1C4B6300AB9F53 /* Preview Content */,
			);
			path = Pomodoro;
			sourceTree = "<group>";
		};
		040162262A1C4B6300AB9F53 /* Preview Content */ = {
			isa = PBXGroup;
			children = (
				040162272A1C4B6300AB9F53 /* Preview Assets.xcassets */,
			);
			path = "Preview Content";
			sourceTree = "<group>";
		};
		040162302A1C4B6300AB9F53 /* PomodoroTests */ = {
			isa = PBXGroup;
			children = (
				040162312A1C4B6300AB9F53 /* PomodoroTests.swift */,
			);
			path = PomodoroTests;
			sourceTree = "<group>";
		};
		0401623A2A1C4B6300AB9F53 /* PomodoroUITests */ = {
			isa = PBXGroup;
			children = (
				0401623B2A1C4B6300AB9F53 /* PomodoroUITests.swift */,
				0401623D2A1C4B6300AB9F53 /* PomodoroUITestsLaunchTests.swift */,
			);
			path = PomodoroUITests;
			sourceTree = "<group>";
		};
		040259BD2A28D78B0050F1B4 /* Onboarding */ = {
			isa = PBXGroup;
			children = (
				040259B92A28C2220050F1B4 /* OnboardingPagesView.swift */,
				040259BB2A28D1C80050F1B4 /* OnboardingView.swift */,
			);
			path = Onboarding;
			sourceTree = "<group>";
		};
		041095892A23B1F200095BC8 /* ViewModel */ = {
			isa = PBXGroup;
			children = (
				041095872A23B1EB00095BC8 /* TimerViewModel.swift */,
			);
			path = ViewModel;
			sourceTree = "<group>";
		};
		0415319E2A1C5BC5000218C4 /* Models */ = {
			isa = PBXGroup;
			children = (
				041531A72A1C5D22000218C4 /* User.swift */,
				041531A92A1C5D2B000218C4 /* TimerTasks.swift */,
				04ACE3BF2A2388F800230D3B /* ModelData.swift */,
			);
			path = Models;
			sourceTree = "<group>";
		};
		0415319F2A1C5BE3000218C4 /* Views */ = {
			isa = PBXGroup;
			children = (
				040259BD2A28D78B0050F1B4 /* Onboarding */,
				041531B02A1C67FE000218C4 /* Timers */,
				041531AF2A1C67F2000218C4 /* Profile */,
				041531A32A1C5CAD000218C4 /* MainView.swift */,
				041531AD2A1C67E5000218C4 /* ProfileView.swift */,
				04B5B0472A2054E800905FA2 /* TimerView.swift */,
				041095852A239F6300095BC8 /* ExperimentalTimerView.swift */,
				04ACE3BB2A233F3100230D3B /* TasksView.swift */,
			);
			path = Views;
			sourceTree = "<group>";
		};
		041531A02A1C5C07000218C4 /* Helpers */ = {
			isa = PBXGroup;
			children = (
				041531A12A1C5C29000218C4 /* SymbolHelper.swift */,
				04ACE3BD2A23879800230D3B /* GradientHelper.swift */,
				04ACE3C12A238C0E00230D3B /* ButtonStyleHelper.swift */,
			);
			path = Helpers;
			sourceTree = "<group>";
		};
		041531AF2A1C67F2000218C4 /* Profile */ = {
			isa = PBXGroup;
			children = (
				040259B72A28BECD0050F1B4 /* ProfileCardView.swift */,
			);
			path = Profile;
			sourceTree = "<group>";
		};
		041531B02A1C67FE000218C4 /* Timers */ = {
			isa = PBXGroup;
			children = (
				040313922A25954700A30A12 /* MultipickerView.swift */,
			);
			path = Timers;
			sourceTree = "<group>";
		};
/* End PBXGroup section */

/* Begin PBXNativeTarget section */
		0401621C2A1C4B6100AB9F53 /* Pomodoro */ = {
			isa = PBXNativeTarget;
			buildConfigurationList = 040162412A1C4B6300AB9F53 /* Build configuration list for PBXNativeTarget "Pomodoro" */;
			buildPhases = (
				040162192A1C4B6100AB9F53 /* Sources */,
				0401621A2A1C4B6100AB9F53 /* Frameworks */,
				0401621B2A1C4B6100AB9F53 /* Resources */,
			);
			buildRules = (
			);
			dependencies = (
			);
			name = Pomodoro;
			productName = Pomodoro;
			productReference = 0401621D2A1C4B6100AB9F53 /* Pomodoro.app */;
			productType = "com.apple.product-type.application";
		};
		0401622C2A1C4B6300AB9F53 /* PomodoroTests */ = {
			isa = PBXNativeTarget;
			buildConfigurationList = 040162442A1C4B6300AB9F53 /* Build configuration list for PBXNativeTarget "PomodoroTests" */;
			buildPhases = (
				040162292A1C4B6300AB9F53 /* Sources */,
				0401622A2A1C4B6300AB9F53 /* Frameworks */,
				0401622B2A1C4B6300AB9F53 /* Resources */,
			);
			buildRules = (
			);
			dependencies = (
				0401622F2A1C4B6300AB9F53 /* PBXTargetDependency */,
			);
			name = PomodoroTests;
			productName = PomodoroTests;
			productReference = 0401622D2A1C4B6300AB9F53 /* PomodoroTests.xctest */;
			productType = "com.apple.product-type.bundle.unit-test";
		};
		040162362A1C4B6300AB9F53 /* PomodoroUITests */ = {
			isa = PBXNativeTarget;
			buildConfigurationList = 040162472A1C4B6300AB9F53 /* Build configuration list for PBXNativeTarget "PomodoroUITests" */;
			buildPhases = (
				040162332A1C4B6300AB9F53 /* Sources */,
				040162342A1C4B6300AB9F53 /* Frameworks */,
				040162352A1C4B6300AB9F53 /* Resources */,
			);
			buildRules = (
			);
			dependencies = (
				040162392A1C4B6300AB9F53 /* PBXTargetDependency */,
			);
			name = PomodoroUITests;
			productName = PomodoroUITests;
			productReference = 040162372A1C4B6300AB9F53 /* PomodoroUITests.xctest */;
			productType = "com.apple.product-type.bundle.ui-testing";
		};
/* End PBXNativeTarget section */

/* Begin PBXProject section */
		040162152A1C4B6100AB9F53 /* Project object */ = {
			isa = PBXProject;
			attributes = {
				BuildIndependentTargetsInParallel = 1;
				LastSwiftUpdateCheck = 1430;
				LastUpgradeCheck = 1430;
				TargetAttributes = {
					0401621C2A1C4B6100AB9F53 = {
						CreatedOnToolsVersion = 14.3;
					};
					0401622C2A1C4B6300AB9F53 = {
						CreatedOnToolsVersion = 14.3;
						TestTargetID = 0401621C2A1C4B6100AB9F53;
					};
					040162362A1C4B6300AB9F53 = {
						CreatedOnToolsVersion = 14.3;
						TestTargetID = 0401621C2A1C4B6100AB9F53;
					};
				};
			};
			buildConfigurationList = 040162182A1C4B6100AB9F53 /* Build configuration list for PBXProject "Pomodoro" */;
			compatibilityVersion = "Xcode 14.0";
			developmentRegion = en;
			hasScannedForEncodings = 0;
			knownRegions = (
				en,
				Base,
			);
			mainGroup = 040162142A1C4B6100AB9F53;
			productRefGroup = 0401621E2A1C4B6100AB9F53 /* Products */;
			projectDirPath = "";
			projectRoot = "";
			targets = (
				0401621C2A1C4B6100AB9F53 /* Pomodoro */,
				0401622C2A1C4B6300AB9F53 /* PomodoroTests */,
				040162362A1C4B6300AB9F53 /* PomodoroUITests */,
			);
		};
/* End PBXProject section */

/* Begin PBXResourcesBuildPhase section */
		0401621B2A1C4B6100AB9F53 /* Resources */ = {
			isa = PBXResourcesBuildPhase;
			buildActionMask = 2147483647;
			files = (
				040162282A1C4B6300AB9F53 /* Preview Assets.xcassets in Resources */,
				040162252A1C4B6300AB9F53 /* Assets.xcassets in Resources */,
			);
			runOnlyForDeploymentPostprocessing = 0;
		};
		0401622B2A1C4B6300AB9F53 /* Resources */ = {
			isa = PBXResourcesBuildPhase;
			buildActionMask = 2147483647;
			files = (
			);
			runOnlyForDeploymentPostprocessing = 0;
		};
		040162352A1C4B6300AB9F53 /* Resources */ = {
			isa = PBXResourcesBuildPhase;
			buildActionMask = 2147483647;
			files = (
			);
			runOnlyForDeploymentPostprocessing = 0;
		};
/* End PBXResourcesBuildPhase section */

/* Begin PBXSourcesBuildPhase section */
		040162192A1C4B6100AB9F53 /* Sources */ = {
			isa = PBXSourcesBuildPhase;
			buildActionMask = 2147483647;
			files = (
				041095882A23B1EB00095BC8 /* TimerViewModel.swift in Sources */,
				04B5B0482A2054E800905FA2 /* TimerView.swift in Sources */,
				04ACE3BC2A233F3100230D3B /* TasksView.swift in Sources */,
				040259BC2A28D1C80050F1B4 /* OnboardingView.swift in Sources */,
				041531A22A1C5C29000218C4 /* SymbolHelper.swift in Sources */,
				04ACE3C22A238C0E00230D3B /* ButtonStyleHelper.swift in Sources */,
				041531AE2A1C67E5000218C4 /* ProfileView.swift in Sources */,
				040259B82A28BECD0050F1B4 /* ProfileCardView.swift in Sources */,
				040259BA2A28C2220050F1B4 /* OnboardingPagesView.swift in Sources */,
				041531A42A1C5CAD000218C4 /* MainView.swift in Sources */,
				041531AA2A1C5D2B000218C4 /* TimerTasks.swift in Sources */,
				041095862A239F6300095BC8 /* ExperimentalTimerView.swift in Sources */,
				041531A82A1C5D22000218C4 /* User.swift in Sources */,
				04ACE3C02A2388F800230D3B /* ModelData.swift in Sources */,
				040162232A1C4B6100AB9F53 /* ContentView.swift in Sources */,
				040162212A1C4B6100AB9F53 /* PomodoroApp.swift in Sources */,
				040313932A25954700A30A12 /* MultipickerView.swift in Sources */,
				04ACE3BE2A23879800230D3B /* GradientHelper.swift in Sources */,
			);
			runOnlyForDeploymentPostprocessing = 0;
		};
		040162292A1C4B6300AB9F53 /* Sources */ = {
			isa = PBXSourcesBuildPhase;
			buildActionMask = 2147483647;
			files = (
				040162322A1C4B6300AB9F53 /* PomodoroTests.swift in Sources */,
			);
			runOnlyForDeploymentPostprocessing = 0;
		};
		040162332A1C4B6300AB9F53 /* Sources */ = {
			isa = PBXSourcesBuildPhase;
			buildActionMask = 2147483647;
			files = (
				0401623E2A1C4B6300AB9F53 /* PomodoroUITestsLaunchTests.swift in Sources */,
				0401623C2A1C4B6300AB9F53 /* PomodoroUITests.swift in Sources */,
			);
			runOnlyForDeploymentPostprocessing = 0;
		};
/* End PBXSourcesBuildPhase section */

/* Begin PBXTargetDependency section */
		0401622F2A1C4B6300AB9F53 /* PBXTargetDependency */ = {
			isa = PBXTargetDependency;
			target = 0401621C2A1C4B6100AB9F53 /* Pomodoro */;
			targetProxy = 0401622E2A1C4B6300AB9F53 /* PBXContainerItemProxy */;
		};
		040162392A1C4B6300AB9F53 /* PBXTargetDependency */ = {
			isa = PBXTargetDependency;
			target = 0401621C2A1C4B6100AB9F53 /* Pomodoro */;
			targetProxy = 040162382A1C4B6300AB9F53 /* PBXContainerItemProxy */;
		};
/* End PBXTargetDependency section */

/* Begin XCBuildConfiguration section */
		0401623F2A1C4B6300AB9F53 /* Debug */ = {
			isa = XCBuildConfiguration;
			buildSettings = {
				ALWAYS_SEARCH_USER_PATHS = NO;
				CLANG_ANALYZER_NONNULL = YES;
				CLANG_ANALYZER_NUMBER_OBJECT_CONVERSION = YES_AGGRESSIVE;
				CLANG_CXX_LANGUAGE_STANDARD = "gnu++20";
				CLANG_ENABLE_MODULES = YES;
				CLANG_ENABLE_OBJC_ARC = YES;
				CLANG_ENABLE_OBJC_WEAK = YES;
				CLANG_WARN_BLOCK_CAPTURE_AUTORELEASING = YES;
				CLANG_WARN_BOOL_CONVERSION = YES;
				CLANG_WARN_COMMA = YES;
				CLANG_WARN_CONSTANT_CONVERSION = YES;
				CLANG_WARN_DEPRECATED_OBJC_IMPLEMENTATIONS = YES;
				CLANG_WARN_DIRECT_OBJC_ISA_USAGE = YES_ERROR;
				CLANG_WARN_DOCUMENTATION_COMMENTS = YES;
				CLANG_WARN_EMPTY_BODY = YES;
				CLANG_WARN_ENUM_CONVERSION = YES;
				CLANG_WARN_INFINITE_RECURSION = YES;
				CLANG_WARN_INT_CONVERSION = YES;
				CLANG_WARN_NON_LITERAL_NULL_CONVERSION = YES;
				CLANG_WARN_OBJC_IMPLICIT_RETAIN_SELF = YES;
				CLANG_WARN_OBJC_LITERAL_CONVERSION = YES;
				CLANG_WARN_OBJC_ROOT_CLASS = YES_ERROR;
				CLANG_WARN_QUOTED_INCLUDE_IN_FRAMEWORK_HEADER = YES;
				CLANG_WARN_RANGE_LOOP_ANALYSIS = YES;
				CLANG_WARN_STRICT_PROTOTYPES = YES;
				CLANG_WARN_SUSPICIOUS_MOVE = YES;
				CLANG_WARN_UNGUARDED_AVAILABILITY = YES_AGGRESSIVE;
				CLANG_WARN_UNREACHABLE_CODE = YES;
				CLANG_WARN__DUPLICATE_METHOD_MATCH = YES;
				COPY_PHASE_STRIP = NO;
				DEBUG_INFORMATION_FORMAT = dwarf;
				ENABLE_STRICT_OBJC_MSGSEND = YES;
				ENABLE_TESTABILITY = YES;
				GCC_C_LANGUAGE_STANDARD = gnu11;
				GCC_DYNAMIC_NO_PIC = NO;
				GCC_NO_COMMON_BLOCKS = YES;
				GCC_OPTIMIZATION_LEVEL = 0;
				GCC_PREPROCESSOR_DEFINITIONS = (
					"DEBUG=1",
					"$(inherited)",
				);
				GCC_WARN_64_TO_32_BIT_CONVERSION = YES;
				GCC_WARN_ABOUT_RETURN_TYPE = YES_ERROR;
				GCC_WARN_UNDECLARED_SELECTOR = YES;
				GCC_WARN_UNINITIALIZED_AUTOS = YES_AGGRESSIVE;
				GCC_WARN_UNUSED_FUNCTION = YES;
				GCC_WARN_UNUSED_VARIABLE = YES;
				IPHONEOS_DEPLOYMENT_TARGET = 16.4;
				MTL_ENABLE_DEBUG_INFO = INCLUDE_SOURCE;
				MTL_FAST_MATH = YES;
				ONLY_ACTIVE_ARCH = YES;
				SDKROOT = iphoneos;
				SWIFT_ACTIVE_COMPILATION_CONDITIONS = DEBUG;
				SWIFT_OPTIMIZATION_LEVEL = "-Onone";
			};
			name = Debug;
		};
		040162402A1C4B6300AB9F53 /* Release */ = {
			isa = XCBuildConfiguration;
			buildSettings = {
				ALWAYS_SEARCH_USER_PATHS = NO;
				CLANG_ANALYZER_NONNULL = YES;
				CLANG_ANALYZER_NUMBER_OBJECT_CONVERSION = YES_AGGRESSIVE;
				CLANG_CXX_LANGUAGE_STANDARD = "gnu++20";
				CLANG_ENABLE_MODULES = YES;
				CLANG_ENABLE_OBJC_ARC = YES;
				CLANG_ENABLE_OBJC_WEAK = YES;
				CLANG_WARN_BLOCK_CAPTURE_AUTORELEASING = YES;
				CLANG_WARN_BOOL_CONVERSION = YES;
				CLANG_WARN_COMMA = YES;
				CLANG_WARN_CONSTANT_CONVERSION = YES;
				CLANG_WARN_DEPRECATED_OBJC_IMPLEMENTATIONS = YES;
				CLANG_WARN_DIRECT_OBJC_ISA_USAGE = YES_ERROR;
				CLANG_WARN_DOCUMENTATION_COMMENTS = YES;
				CLANG_WARN_EMPTY_BODY = YES;
				CLANG_WARN_ENUM_CONVERSION = YES;
				CLANG_WARN_INFINITE_RECURSION = YES;
				CLANG_WARN_INT_CONVERSION = YES;
				CLANG_WARN_NON_LITERAL_NULL_CONVERSION = YES;
				CLANG_WARN_OBJC_IMPLICIT_RETAIN_SELF = YES;
				CLANG_WARN_OBJC_LITERAL_CONVERSION = YES;
				CLANG_WARN_OBJC_ROOT_CLASS = YES_ERROR;
				CLANG_WARN_QUOTED_INCLUDE_IN_FRAMEWORK_HEADER = YES;
				CLANG_WARN_RANGE_LOOP_ANALYSIS = YES;
				CLANG_WARN_STRICT_PROTOTYPES = YES;
				CLANG_WARN_SUSPICIOUS_MOVE = YES;
				CLANG_WARN_UNGUARDED_AVAILABILITY = YES_AGGRESSIVE;
				CLANG_WARN_UNREACHABLE_CODE = YES;
				CLANG_WARN__DUPLICATE_METHOD_MATCH = YES;
				COPY_PHASE_STRIP = NO;
				DEBUG_INFORMATION_FORMAT = "dwarf-with-dsym";
				ENABLE_NS_ASSERTIONS = NO;
				ENABLE_STRICT_OBJC_MSGSEND = YES;
				GCC_C_LANGUAGE_STANDARD = gnu11;
				GCC_NO_COMMON_BLOCKS = YES;
				GCC_WARN_64_TO_32_BIT_CONVERSION = YES;
				GCC_WARN_ABOUT_RETURN_TYPE = YES_ERROR;
				GCC_WARN_UNDECLARED_SELECTOR = YES;
				GCC_WARN_UNINITIALIZED_AUTOS = YES_AGGRESSIVE;
				GCC_WARN_UNUSED_FUNCTION = YES;
				GCC_WARN_UNUSED_VARIABLE = YES;
				IPHONEOS_DEPLOYMENT_TARGET = 16.4;
				MTL_ENABLE_DEBUG_INFO = NO;
				MTL_FAST_MATH = YES;
				SDKROOT = iphoneos;
				SWIFT_COMPILATION_MODE = wholemodule;
				SWIFT_OPTIMIZATION_LEVEL = "-O";
				VALIDATE_PRODUCT = YES;
			};
			name = Release;
		};
		040162422A1C4B6300AB9F53 /* Debug */ = {
			isa = XCBuildConfiguration;
			buildSettings = {
				ASSETCATALOG_COMPILER_APPICON_NAME = AppIcon;
				ASSETCATALOG_COMPILER_GLOBAL_ACCENT_COLOR_NAME = AccentColor;
				CODE_SIGN_STYLE = Automatic;
				CURRENT_PROJECT_VERSION = 1;
				DEVELOPMENT_ASSET_PATHS = "\"Pomodoro/Preview Content\"";
				DEVELOPMENT_TEAM = V383GK4HDH;
				ENABLE_PREVIEWS = YES;
				GENERATE_INFOPLIST_FILE = YES;
				INFOPLIST_KEY_UIApplicationSceneManifest_Generation = YES;
				INFOPLIST_KEY_UIApplicationSupportsIndirectInputEvents = YES;
				INFOPLIST_KEY_UILaunchScreen_Generation = YES;
				INFOPLIST_KEY_UISupportedInterfaceOrientations_iPad = "UIInterfaceOrientationPortrait UIInterfaceOrientationPortraitUpsideDown UIInterfaceOrientationLandscapeLeft UIInterfaceOrientationLandscapeRight";
				INFOPLIST_KEY_UISupportedInterfaceOrientations_iPhone = "UIInterfaceOrientationPortrait UIInterfaceOrientationLandscapeLeft UIInterfaceOrientationLandscapeRight";
				LD_RUNPATH_SEARCH_PATHS = (
					"$(inherited)",
					"@executable_path/Frameworks",
				);
				MARKETING_VERSION = 1.0;
				PRODUCT_BUNDLE_IDENTIFIER = com.mad.Pomodoro;
				PRODUCT_NAME = "$(TARGET_NAME)";
				SWIFT_EMIT_LOC_STRINGS = YES;
				SWIFT_VERSION = 5.0;
				TARGETED_DEVICE_FAMILY = "1,2";
			};
			name = Debug;
		};
		040162432A1C4B6300AB9F53 /* Release */ = {
			isa = XCBuildConfiguration;
			buildSettings = {
				ASSETCATALOG_COMPILER_APPICON_NAME = AppIcon;
				ASSETCATALOG_COMPILER_GLOBAL_ACCENT_COLOR_NAME = AccentColor;
				CODE_SIGN_STYLE = Automatic;
				CURRENT_PROJECT_VERSION = 1;
				DEVELOPMENT_ASSET_PATHS = "\"Pomodoro/Preview Content\"";
				DEVELOPMENT_TEAM = V383GK4HDH;
				ENABLE_PREVIEWS = YES;
				GENERATE_INFOPLIST_FILE = YES;
				INFOPLIST_KEY_UIApplicationSceneManifest_Generation = YES;
				INFOPLIST_KEY_UIApplicationSupportsIndirectInputEvents = YES;
				INFOPLIST_KEY_UILaunchScreen_Generation = YES;
				INFOPLIST_KEY_UISupportedInterfaceOrientations_iPad = "UIInterfaceOrientationPortrait UIInterfaceOrientationPortraitUpsideDown UIInterfaceOrientationLandscapeLeft UIInterfaceOrientationLandscapeRight";
				INFOPLIST_KEY_UISupportedInterfaceOrientations_iPhone = "UIInterfaceOrientationPortrait UIInterfaceOrientationLandscapeLeft UIInterfaceOrientationLandscapeRight";
				LD_RUNPATH_SEARCH_PATHS = (
					"$(inherited)",
					"@executable_path/Frameworks",
				);
				MARKETING_VERSION = 1.0;
				PRODUCT_BUNDLE_IDENTIFIER = com.mad.Pomodoro;
				PRODUCT_NAME = "$(TARGET_NAME)";
				SWIFT_EMIT_LOC_STRINGS = YES;
				SWIFT_VERSION = 5.0;
				TARGETED_DEVICE_FAMILY = "1,2";
			};
			name = Release;
		};
		040162452A1C4B6300AB9F53 /* Debug */ = {
			isa = XCBuildConfiguration;
			buildSettings = {
				ALWAYS_EMBED_SWIFT_STANDARD_LIBRARIES = YES;
				BUNDLE_LOADER = "$(TEST_HOST)";
				CODE_SIGN_STYLE = Automatic;
				CURRENT_PROJECT_VERSION = 1;
				DEVELOPMENT_TEAM = V383GK4HDH;
				GENERATE_INFOPLIST_FILE = YES;
				IPHONEOS_DEPLOYMENT_TARGET = 16.4;
				MARKETING_VERSION = 1.0;
				PRODUCT_BUNDLE_IDENTIFIER = com.mad.PomodoroTests;
				PRODUCT_NAME = "$(TARGET_NAME)";
				SWIFT_EMIT_LOC_STRINGS = NO;
				SWIFT_VERSION = 5.0;
				TARGETED_DEVICE_FAMILY = "1,2";
				TEST_HOST = "$(BUILT_PRODUCTS_DIR)/Pomodoro.app/$(BUNDLE_EXECUTABLE_FOLDER_PATH)/Pomodoro";
			};
			name = Debug;
		};
		040162462A1C4B6300AB9F53 /* Release */ = {
			isa = XCBuildConfiguration;
			buildSettings = {
				ALWAYS_EMBED_SWIFT_STANDARD_LIBRARIES = YES;
				BUNDLE_LOADER = "$(TEST_HOST)";
				CODE_SIGN_STYLE = Automatic;
				CURRENT_PROJECT_VERSION = 1;
				DEVELOPMENT_TEAM = V383GK4HDH;
				GENERATE_INFOPLIST_FILE = YES;
				IPHONEOS_DEPLOYMENT_TARGET = 16.4;
				MARKETING_VERSION = 1.0;
				PRODUCT_BUNDLE_IDENTIFIER = com.mad.PomodoroTests;
				PRODUCT_NAME = "$(TARGET_NAME)";
				SWIFT_EMIT_LOC_STRINGS = NO;
				SWIFT_VERSION = 5.0;
				TARGETED_DEVICE_FAMILY = "1,2";
				TEST_HOST = "$(BUILT_PRODUCTS_DIR)/Pomodoro.app/$(BUNDLE_EXECUTABLE_FOLDER_PATH)/Pomodoro";
			};
			name = Release;
		};
		040162482A1C4B6300AB9F53 /* Debug */ = {
			isa = XCBuildConfiguration;
			buildSettings = {
				ALWAYS_EMBED_SWIFT_STANDARD_LIBRARIES = YES;
				CODE_SIGN_STYLE = Automatic;
				CURRENT_PROJECT_VERSION = 1;
				DEVELOPMENT_TEAM = V383GK4HDH;
				GENERATE_INFOPLIST_FILE = YES;
				MARKETING_VERSION = 1.0;
				PRODUCT_BUNDLE_IDENTIFIER = com.mad.PomodoroUITests;
				PRODUCT_NAME = "$(TARGET_NAME)";
				SWIFT_EMIT_LOC_STRINGS = NO;
				SWIFT_VERSION = 5.0;
				TARGETED_DEVICE_FAMILY = "1,2";
				TEST_TARGET_NAME = Pomodoro;
			};
			name = Debug;
		};
		040162492A1C4B6300AB9F53 /* Release */ = {
			isa = XCBuildConfiguration;
			buildSettings = {
				ALWAYS_EMBED_SWIFT_STANDARD_LIBRARIES = YES;
				CODE_SIGN_STYLE = Automatic;
				CURRENT_PROJECT_VERSION = 1;
				DEVELOPMENT_TEAM = V383GK4HDH;
				GENERATE_INFOPLIST_FILE = YES;
				MARKETING_VERSION = 1.0;
				PRODUCT_BUNDLE_IDENTIFIER = com.mad.PomodoroUITests;
				PRODUCT_NAME = "$(TARGET_NAME)";
				SWIFT_EMIT_LOC_STRINGS = NO;
				SWIFT_VERSION = 5.0;
				TARGETED_DEVICE_FAMILY = "1,2";
				TEST_TARGET_NAME = Pomodoro;
			};
			name = Release;
		};
/* End XCBuildConfiguration section */

/* Begin XCConfigurationList section */
		040162182A1C4B6100AB9F53 /* Build configuration list for PBXProject "Pomodoro" */ = {
			isa = XCConfigurationList;
			buildConfigurations = (
				0401623F2A1C4B6300AB9F53 /* Debug */,
				040162402A1C4B6300AB9F53 /* Release */,
			);
			defaultConfigurationIsVisible = 0;
			defaultConfigurationName = Release;
		};
		040162412A1C4B6300AB9F53 /* Build configuration list for PBXNativeTarget "Pomodoro" */ = {
			isa = XCConfigurationList;
			buildConfigurations = (
				040162422A1C4B6300AB9F53 /* Debug */,
				040162432A1C4B6300AB9F53 /* Release */,
			);
			defaultConfigurationIsVisible = 0;
			defaultConfigurationName = Release;
		};
		040162442A1C4B6300AB9F53 /* Build configuration list for PBXNativeTarget "PomodoroTests" */ = {
			isa = XCConfigurationList;
			buildConfigurations = (
				040162452A1C4B6300AB9F53 /* Debug */,
				040162462A1C4B6300AB9F53 /* Release */,
			);
			defaultConfigurationIsVisible = 0;
			defaultConfigurationName = Release;
		};
		040162472A1C4B6300AB9F53 /* Build configuration list for PBXNativeTarget "PomodoroUITests" */ = {
			isa = XCConfigurationList;
			buildConfigurations = (
				040162482A1C4B6300AB9F53 /* Debug */,
				040162492A1C4B6300AB9F53 /* Release */,
			);
			defaultConfigurationIsVisible = 0;
			defaultConfigurationName = Release;
		};
/* End XCConfigurationList section */
	};
	rootObject = 040162152A1C4B6100AB9F53 /* Project object */;
}
